
Microsoft Visual Studio Solution File, Format Version 12.00
# Visual Studio Version 17
VisualStudioVersion = 17.1.32328.378
MinimumVisualStudioVersion = 10.0.40219.1
Project("{FAE04EC0-301F-11D3-BF4B-00C04F79EFBC}") = "LeaveManagement.Web", "LeaveManagement.Web\LeaveManagement.Web.csproj", "{173FD6AF-C68B-4215-A806-DF7CC23FCA64}"
EndProject
Global
	GlobalSection(SolutionConfigurationPlatforms) = preSolution
		Debug|Any CPU = Debug|Any CPU
		Release|Any CPU = Release|Any CPU
	EndGlobalSection
	GlobalSection(ProjectConfigurationPlatforms) = postSolution
		{173FD6AF-C68B-4215-A806-DF7CC23FCA64}.Debug|Any CPU.ActiveCfg = Debug|Any CPU
		{173FD6AF-C68B-4215-A806-DF7CC23FCA64}.Debug|Any CPU.Build.0 = Debug|Any CPU
		{173FD6AF-C68B-4215-A806-DF7CC23FCA64}.Release|Any CPU.ActiveCfg = Release|Any CPU
		{173FD6AF-C68B-4215-A806-DF7CC23FCA64}.Release|Any CPU.Build.0 = Release|Any CPU
	EndGlobalSection
	GlobalSection(SolutionProperties) = preSolution
		HideSolutionNode = FALSE
	EndGlobalSection
	GlobalSection(ExtensibilityGlobals) = postSolution
		SolutionGuid = {CF095DC9-B14E-4A1E-A2A2-7E48F506661C}
	EndGlobalSection
EndGlobal
